
Microsoft Visual Studio Solution File, Format Version 12.00
# Visual Studio 14
VisualStudioVersion = 14.0.25123.0
MinimumVisualStudioVersion = 10.0.40219.1
Project("{FAE04EC0-301F-11D3-BF4B-00C04F79EFBC}") = "Kanji.Interface", "Kanji.Interface\Kanji.Interface.csproj", "{ED8C261A-4BC5-4A25-914C-440FEE3534D3}"
EndProject
Project("{FAE04EC0-301F-11D3-BF4B-00C04F79EFBC}") = "Kanji.DatabaseMaker", "Kanji.DatabaseMaker\Kanji.DatabaseMaker.csproj", "{11D42FAB-4420-488E-A6B2-2EC3F93B6C96}"
EndProject
Project("{FAE04EC0-301F-11D3-BF4B-00C04F79EFBC}") = "Kanji.Database", "Kanji.Database\Kanji.Database.csproj", "{DE9C84B3-418E-40ED-B224-A07E8361494B}"
EndProject
Project("{FAE04EC0-301F-11D3-BF4B-00C04F79EFBC}") = "Kanji.Common", "Kanji.Common\Kanji.Common.csproj", "{52EF53C1-9EF6-471E-8AFC-2874BF7C77F2}"
EndProject
Project("{FAE04EC0-301F-11D3-BF4B-00C04F79EFBC}") = "NotifyIconWpf", "NotifyIconWpf\NotifyIconWpf.csproj", "{7AC63864-7638-41C4-969C-D3197EF2BED9}"
EndProject
Global
	GlobalSection(SolutionConfigurationPlatforms) = preSolution
		CD_ROM|Any CPU = CD_ROM|Any CPU
		Debug|Any CPU = Debug|Any CPU
		DVD-5|Any CPU = DVD-5|Any CPU
		Release|Any CPU = Release|Any CPU
		SingleImage|Any CPU = SingleImage|Any CPU
	EndGlobalSection
	GlobalSection(ProjectConfigurationPlatforms) = postSolution
		{ED8C261A-4BC5-4A25-914C-440FEE3534D3}.CD_ROM|Any CPU.ActiveCfg = Release|Any CPU
		{ED8C261A-4BC5-4A25-914C-440FEE3534D3}.CD_ROM|Any CPU.Build.0 = Release|Any CPU
		{ED8C261A-4BC5-4A25-914C-440FEE3534D3}.Debug|Any CPU.ActiveCfg = Debug|Any CPU
		{ED8C261A-4BC5-4A25-914C-440FEE3534D3}.Debug|Any CPU.Build.0 = Debug|Any CPU
		{ED8C261A-4BC5-4A25-914C-440FEE3534D3}.DVD-5|Any CPU.ActiveCfg = Debug|Any CPU
		{ED8C261A-4BC5-4A25-914C-440FEE3534D3}.DVD-5|Any CPU.Build.0 = Debug|Any CPU
		{ED8C261A-4BC5-4A25-914C-440FEE3534D3}.Release|Any CPU.ActiveCfg = Release|Any CPU
		{ED8C261A-4BC5-4A25-914C-440FEE3534D3}.Release|Any CPU.Build.0 = Release|Any CPU
		{ED8C261A-4BC5-4A25-914C-440FEE3534D3}.SingleImage|Any CPU.ActiveCfg = Release|Any CPU
		{ED8C261A-4BC5-4A25-914C-440FEE3534D3}.SingleImage|Any CPU.Build.0 = Release|Any CPU
		{11D42FAB-4420-488E-A6B2-2EC3F93B6C96}.CD_ROM|Any CPU.ActiveCfg = Release|Any CPU
		{11D42FAB-4420-488E-A6B2-2EC3F93B6C96}.CD_ROM|Any CPU.Build.0 = Release|Any CPU
		{11D42FAB-4420-488E-A6B2-2EC3F93B6C96}.Debug|Any CPU.ActiveCfg = Debug|Any CPU
		{11D42FAB-4420-488E-A6B2-2EC3F93B6C96}.Debug|Any CPU.Build.0 = Debug|Any CPU
		{11D42FAB-4420-488E-A6B2-2EC3F93B6C96}.DVD-5|Any CPU.ActiveCfg = Debug|Any CPU
		{11D42FAB-4420-488E-A6B2-2EC3F93B6C96}.DVD-5|Any CPU.Build.0 = Debug|Any CPU
		{11D42FAB-4420-488E-A6B2-2EC3F93B6C96}.Release|Any CPU.ActiveCfg = Release|Any CPU
		{11D42FAB-4420-488E-A6B2-2EC3F93B6C96}.Release|Any CPU.Build.0 = Release|Any CPU
		{11D42FAB-4420-488E-A6B2-2EC3F93B6C96}.SingleImage|Any CPU.ActiveCfg = Release|Any CPU
		{11D42FAB-4420-488E-A6B2-2EC3F93B6C96}.SingleImage|Any CPU.Build.0 = Release|Any CPU
		{DE9C84B3-418E-40ED-B224-A07E8361494B}.CD_ROM|Any CPU.ActiveCfg = Release|Any CPU
		{DE9C84B3-418E-40ED-B224-A07E8361494B}.CD_ROM|Any CPU.Build.0 = Release|Any CPU
		{DE9C84B3-418E-40ED-B224-A07E8361494B}.Debug|Any CPU.ActiveCfg = Debug|Any CPU
		{DE9C84B3-418E-40ED-B224-A07E8361494B}.Debug|Any CPU.Build.0 = Debug|Any CPU
		{DE9C84B3-418E-40ED-B224-A07E8361494B}.DVD-5|Any CPU.ActiveCfg = Debug|Any CPU
		{DE9C84B3-418E-40ED-B224-A07E8361494B}.DVD-5|Any CPU.Build.0 = Debug|Any CPU
		{DE9C84B3-418E-40ED-B224-A07E8361494B}.Release|Any CPU.ActiveCfg = Release|Any CPU
		{DE9C84B3-418E-40ED-B224-A07E8361494B}.Release|Any CPU.Build.0 = Release|Any CPU
		{DE9C84B3-418E-40ED-B224-A07E8361494B}.SingleImage|Any CPU.ActiveCfg = Release|Any CPU
		{DE9C84B3-418E-40ED-B224-A07E8361494B}.SingleImage|Any CPU.Build.0 = Release|Any CPU
		{52EF53C1-9EF6-471E-8AFC-2874BF7C77F2}.CD_ROM|Any CPU.ActiveCfg = Release|Any CPU
		{52EF53C1-9EF6-471E-8AFC-2874BF7C77F2}.CD_ROM|Any CPU.Build.0 = Release|Any CPU
		{52EF53C1-9EF6-471E-8AFC-2874BF7C77F2}.Debug|Any CPU.ActiveCfg = Debug|Any CPU
		{52EF53C1-9EF6-471E-8AFC-2874BF7C77F2}.Debug|Any CPU.Build.0 = Debug|Any CPU
		{52EF53C1-9EF6-471E-8AFC-2874BF7C77F2}.DVD-5|Any CPU.ActiveCfg = Debug|Any CPU
		{52EF53C1-9EF6-471E-8AFC-2874BF7C77F2}.DVD-5|Any CPU.Build.0 = Debug|Any CPU
		{52EF53C1-9EF6-471E-8AFC-2874BF7C77F2}.Release|Any CPU.ActiveCfg = Release|Any CPU
		{52EF53C1-9EF6-471E-8AFC-2874BF7C77F2}.Release|Any CPU.Build.0 = Release|Any CPU
		{52EF53C1-9EF6-471E-8AFC-2874BF7C77F2}.SingleImage|Any CPU.ActiveCfg = Release|Any CPU
		{52EF53C1-9EF6-471E-8AFC-2874BF7C77F2}.SingleImage|Any CPU.Build.0 = Release|Any CPU
		{7AC63864-7638-41C4-969C-D3197EF2BED9}.CD_ROM|Any CPU.ActiveCfg = Release|Any CPU
		{7AC63864-7638-41C4-969C-D3197EF2BED9}.CD_ROM|Any CPU.Build.0 = Release|Any CPU
		{7AC63864-7638-41C4-969C-D3197EF2BED9}.Debug|Any CPU.ActiveCfg = Debug|Any CPU
		{7AC63864-7638-41C4-969C-D3197EF2BED9}.Debug|Any CPU.Build.0 = Debug|Any CPU
		{7AC63864-7638-41C4-969C-D3197EF2BED9}.DVD-5|Any CPU.ActiveCfg = Debug|Any CPU
		{7AC63864-7638-41C4-969C-D3197EF2BED9}.DVD-5|Any CPU.Build.0 = Debug|Any CPU
		{7AC63864-7638-41C4-969C-D3197EF2BED9}.Release|Any CPU.ActiveCfg = Release|Any CPU
		{7AC63864-7638-41C4-969C-D3197EF2BED9}.Release|Any CPU.Build.0 = Release|Any CPU
		{7AC63864-7638-41C4-969C-D3197EF2BED9}.SingleImage|Any CPU.ActiveCfg = Release|Any CPU
		{7AC63864-7638-41C4-969C-D3197EF2BED9}.SingleImage|Any CPU.Build.0 = Release|Any CPU
	EndGlobalSection
	GlobalSection(SolutionProperties) = preSolution
		HideSolutionNode = FALSE
	EndGlobalSection
EndGlobal
