
Microsoft Visual Studio Solution File, Format Version 12.00
# Visual Studio 2012
Project("{FAE04EC0-301F-11D3-BF4B-00C04F79EFBC}") = "Kanji.Interface", "Kanji.Interface\Kanji.Interface.csproj", "{ED8C261A-4BC5-4A25-914C-440FEE3534D3}"
EndProject
Project("{2150E333-8FDC-42A3-9474-1A3956D46DE8}") = ".nuget", ".nuget", "{FE599DC1-DEE5-47DE-BD28-FE4179322215}"
	ProjectSection(SolutionItems) = preProject
		.nuget\NuGet.Config = .nuget\NuGet.Config
		.nuget\NuGet.exe = .nuget\NuGet.exe
		.nuget\NuGet.targets = .nuget\NuGet.targets
	EndProjectSection
EndProject
Project("{FAE04EC0-301F-11D3-BF4B-00C04F79EFBC}") = "Kanji.DatabaseMaker", "Kanji.DatabaseMaker\Kanji.DatabaseMaker.csproj", "{11D42FAB-4420-488E-A6B2-2EC3F93B6C96}"
EndProject
Project("{FAE04EC0-301F-11D3-BF4B-00C04F79EFBC}") = "Kanji.Database", "Kanji.Database\Kanji.Database.csproj", "{DE9C84B3-418E-40ED-B224-A07E8361494B}"
EndProject
Project("{FAE04EC0-301F-11D3-BF4B-00C04F79EFBC}") = "Kanji.Common", "Kanji.Common\Kanji.Common.csproj", "{52EF53C1-9EF6-471E-8AFC-2874BF7C77F2}"
EndProject
Project("{FAE04EC0-301F-11D3-BF4B-00C04F79EFBC}") = "NotifyIconWpf", "NotifyIconWpf\NotifyIconWpf.csproj", "{7AC63864-7638-41C4-969C-D3197EF2BED9}"
EndProject
Project("{6141683F-8A12-4E36-9623-2EB02B2C2303}") = "HouhouSetup", "HouhouSetup\HouhouSetup.isproj", "{DBC454BA-A976-4E1E-B125-D6ECD83D7CE0}"
EndProject
Global
	GlobalSection(SolutionConfigurationPlatforms) = preSolution
		CD_ROM|Any CPU = CD_ROM|Any CPU
		Debug|Any CPU = Debug|Any CPU
		DVD-5|Any CPU = DVD-5|Any CPU
		Release|Any CPU = Release|Any CPU
		SingleImage|Any CPU = SingleImage|Any CPU
	EndGlobalSection
	GlobalSection(ProjectConfigurationPlatforms) = postSolution
		{ED8C261A-4BC5-4A25-914C-440FEE3534D3}.CD_ROM|Any CPU.ActiveCfg = Release|Any CPU
		{ED8C261A-4BC5-4A25-914C-440FEE3534D3}.CD_ROM|Any CPU.Build.0 = Release|Any CPU
		{ED8C261A-4BC5-4A25-914C-440FEE3534D3}.Debug|Any CPU.ActiveCfg = Debug|Any CPU
		{ED8C261A-4BC5-4A25-914C-440FEE3534D3}.Debug|Any CPU.Build.0 = Debug|Any CPU
		{ED8C261A-4BC5-4A25-914C-440FEE3534D3}.DVD-5|Any CPU.ActiveCfg = Debug|Any CPU
		{ED8C261A-4BC5-4A25-914C-440FEE3534D3}.DVD-5|Any CPU.Build.0 = Debug|Any CPU
		{ED8C261A-4BC5-4A25-914C-440FEE3534D3}.Release|Any CPU.ActiveCfg = Release|Any CPU
		{ED8C261A-4BC5-4A25-914C-440FEE3534D3}.Release|Any CPU.Build.0 = Release|Any CPU
		{ED8C261A-4BC5-4A25-914C-440FEE3534D3}.SingleImage|Any CPU.ActiveCfg = Release|Any CPU
		{ED8C261A-4BC5-4A25-914C-440FEE3534D3}.SingleImage|Any CPU.Build.0 = Release|Any CPU
		{11D42FAB-4420-488E-A6B2-2EC3F93B6C96}.CD_ROM|Any CPU.ActiveCfg = Release|Any CPU
		{11D42FAB-4420-488E-A6B2-2EC3F93B6C96}.CD_ROM|Any CPU.Build.0 = Release|Any CPU
		{11D42FAB-4420-488E-A6B2-2EC3F93B6C96}.Debug|Any CPU.ActiveCfg = Debug|Any CPU
		{11D42FAB-4420-488E-A6B2-2EC3F93B6C96}.Debug|Any CPU.Build.0 = Debug|Any CPU
		{11D42FAB-4420-488E-A6B2-2EC3F93B6C96}.DVD-5|Any CPU.ActiveCfg = Debug|Any CPU
		{11D42FAB-4420-488E-A6B2-2EC3F93B6C96}.DVD-5|Any CPU.Build.0 = Debug|Any CPU
		{11D42FAB-4420-488E-A6B2-2EC3F93B6C96}.Release|Any CPU.ActiveCfg = Release|Any CPU
		{11D42FAB-4420-488E-A6B2-2EC3F93B6C96}.Release|Any CPU.Build.0 = Release|Any CPU
		{11D42FAB-4420-488E-A6B2-2EC3F93B6C96}.SingleImage|Any CPU.ActiveCfg = Release|Any CPU
		{11D42FAB-4420-488E-A6B2-2EC3F93B6C96}.SingleImage|Any CPU.Build.0 = Release|Any CPU
		{DE9C84B3-418E-40ED-B224-A07E8361494B}.CD_ROM|Any CPU.ActiveCfg = Release|Any CPU
		{DE9C84B3-418E-40ED-B224-A07E8361494B}.CD_ROM|Any CPU.Build.0 = Release|Any CPU
		{DE9C84B3-418E-40ED-B224-A07E8361494B}.Debug|Any CPU.ActiveCfg = Debug|Any CPU
		{DE9C84B3-418E-40ED-B224-A07E8361494B}.Debug|Any CPU.Build.0 = Debug|Any CPU
		{DE9C84B3-418E-40ED-B224-A07E8361494B}.DVD-5|Any CPU.ActiveCfg = Debug|Any CPU
		{DE9C84B3-418E-40ED-B224-A07E8361494B}.DVD-5|Any CPU.Build.0 = Debug|Any CPU
		{DE9C84B3-418E-40ED-B224-A07E8361494B}.Release|Any CPU.ActiveCfg = Release|Any CPU
		{DE9C84B3-418E-40ED-B224-A07E8361494B}.Release|Any CPU.Build.0 = Release|Any CPU
		{DE9C84B3-418E-40ED-B224-A07E8361494B}.SingleImage|Any CPU.ActiveCfg = Release|Any CPU
		{DE9C84B3-418E-40ED-B224-A07E8361494B}.SingleImage|Any CPU.Build.0 = Release|Any CPU
		{52EF53C1-9EF6-471E-8AFC-2874BF7C77F2}.CD_ROM|Any CPU.ActiveCfg = Release|Any CPU
		{52EF53C1-9EF6-471E-8AFC-2874BF7C77F2}.CD_ROM|Any CPU.Build.0 = Release|Any CPU
		{52EF53C1-9EF6-471E-8AFC-2874BF7C77F2}.Debug|Any CPU.ActiveCfg = Debug|Any CPU
		{52EF53C1-9EF6-471E-8AFC-2874BF7C77F2}.Debug|Any CPU.Build.0 = Debug|Any CPU
		{52EF53C1-9EF6-471E-8AFC-2874BF7C77F2}.DVD-5|Any CPU.ActiveCfg = Debug|Any CPU
		{52EF53C1-9EF6-471E-8AFC-2874BF7C77F2}.DVD-5|Any CPU.Build.0 = Debug|Any CPU
		{52EF53C1-9EF6-471E-8AFC-2874BF7C77F2}.Release|Any CPU.ActiveCfg = Release|Any CPU
		{52EF53C1-9EF6-471E-8AFC-2874BF7C77F2}.Release|Any CPU.Build.0 = Release|Any CPU
		{52EF53C1-9EF6-471E-8AFC-2874BF7C77F2}.SingleImage|Any CPU.ActiveCfg = Release|Any CPU
		{52EF53C1-9EF6-471E-8AFC-2874BF7C77F2}.SingleImage|Any CPU.Build.0 = Release|Any CPU
		{7AC63864-7638-41C4-969C-D3197EF2BED9}.CD_ROM|Any CPU.ActiveCfg = Release|Any CPU
		{7AC63864-7638-41C4-969C-D3197EF2BED9}.CD_ROM|Any CPU.Build.0 = Release|Any CPU
		{7AC63864-7638-41C4-969C-D3197EF2BED9}.Debug|Any CPU.ActiveCfg = Debug|Any CPU
		{7AC63864-7638-41C4-969C-D3197EF2BED9}.Debug|Any CPU.Build.0 = Debug|Any CPU
		{7AC63864-7638-41C4-969C-D3197EF2BED9}.DVD-5|Any CPU.ActiveCfg = Debug|Any CPU
		{7AC63864-7638-41C4-969C-D3197EF2BED9}.DVD-5|Any CPU.Build.0 = Debug|Any CPU
		{7AC63864-7638-41C4-969C-D3197EF2BED9}.Release|Any CPU.ActiveCfg = Release|Any CPU
		{7AC63864-7638-41C4-969C-D3197EF2BED9}.Release|Any CPU.Build.0 = Release|Any CPU
		{7AC63864-7638-41C4-969C-D3197EF2BED9}.SingleImage|Any CPU.ActiveCfg = Release|Any CPU
		{7AC63864-7638-41C4-969C-D3197EF2BED9}.SingleImage|Any CPU.Build.0 = Release|Any CPU
		{DBC454BA-A976-4E1E-B125-D6ECD83D7CE0}.CD_ROM|Any CPU.ActiveCfg = CD_ROM
		{DBC454BA-A976-4E1E-B125-D6ECD83D7CE0}.CD_ROM|Any CPU.Build.0 = CD_ROM
		{DBC454BA-A976-4E1E-B125-D6ECD83D7CE0}.Debug|Any CPU.ActiveCfg = DVD-5
		{DBC454BA-A976-4E1E-B125-D6ECD83D7CE0}.Debug|Any CPU.Build.0 = DVD-5
		{DBC454BA-A976-4E1E-B125-D6ECD83D7CE0}.DVD-5|Any CPU.ActiveCfg = DVD-5
		{DBC454BA-A976-4E1E-B125-D6ECD83D7CE0}.DVD-5|Any CPU.Build.0 = DVD-5
		{DBC454BA-A976-4E1E-B125-D6ECD83D7CE0}.Release|Any CPU.ActiveCfg = SingleImage
		{DBC454BA-A976-4E1E-B125-D6ECD83D7CE0}.Release|Any CPU.Build.0 = SingleImage
		{DBC454BA-A976-4E1E-B125-D6ECD83D7CE0}.SingleImage|Any CPU.ActiveCfg = SingleImage
		{DBC454BA-A976-4E1E-B125-D6ECD83D7CE0}.SingleImage|Any CPU.Build.0 = SingleImage
	EndGlobalSection
	GlobalSection(SolutionProperties) = preSolution
		HideSolutionNode = FALSE
	EndGlobalSection
EndGlobal
